// !$*UTF8*$!
{
	archiveVersion = 1;
	classes = {
	};
	objectVersion = 48;
	objects = {

/* Begin PBXBuildFile section */
		D40B947F205445E0003AEBBD /* AppDelegate.swift in Sources */ = {isa = PBXBuildFile; fileRef = D40B947E205445E0003AEBBD /* AppDelegate.swift */; };
		D40B9481205445E0003AEBBD /* ViewController.swift in Sources */ = {isa = PBXBuildFile; fileRef = D40B9480205445E0003AEBBD /* ViewController.swift */; };
		D40B9484205445E0003AEBBD /* Main.storyboard in Resources */ = {isa = PBXBuildFile; fileRef = D40B9482205445E0003AEBBD /* Main.storyboard */; };
		D40B9486205445E0003AEBBD /* Assets.xcassets in Resources */ = {isa = PBXBuildFile; fileRef = D40B9485205445E0003AEBBD /* Assets.xcassets */; };
		D40B9489205445E0003AEBBD /* LaunchScreen.storyboard in Resources */ = {isa = PBXBuildFile; fileRef = D40B9487205445E0003AEBBD /* LaunchScreen.storyboard */; };
		D40B9494205445E1003AEBBD /* PostPictureToSNSTests.swift in Sources */ = {isa = PBXBuildFile; fileRef = D40B9493205445E1003AEBBD /* PostPictureToSNSTests.swift */; };
		D40B949F205445E1003AEBBD /* PostPictureToSNSUITests.swift in Sources */ = {isa = PBXBuildFile; fileRef = D40B949E205445E1003AEBBD /* PostPictureToSNSUITests.swift */; };
/* End PBXBuildFile section */

/* Begin PBXContainerItemProxy section */
		D40B9490205445E1003AEBBD /* PBXContainerItemProxy */ = {
			isa = PBXContainerItemProxy;
			containerPortal = D40B9473205445E0003AEBBD /* Project object */;
			proxyType = 1;
			remoteGlobalIDString = D40B947A205445E0003AEBBD;
			remoteInfo = PostPictureToSNS;
		};
		D40B949B205445E1003AEBBD /* PBXContainerItemProxy */ = {
			isa = PBXContainerItemProxy;
			containerPortal = D40B9473205445E0003AEBBD /* Project object */;
			proxyType = 1;
			remoteGlobalIDString = D40B947A205445E0003AEBBD;
			remoteInfo = PostPictureToSNS;
		};
/* End PBXContainerItemProxy section */

/* Begin PBXFileReference section */
		D40B947B205445E0003AEBBD /* PostPictureToSNS.app */ = {isa = PBXFileReference; explicitFileType = wrapper.application; includeInIndex = 0; path = PostPictureToSNS.app; sourceTree = BUILT_PRODUCTS_DIR; };
		D40B947E205445E0003AEBBD /* AppDelegate.swift */ = {isa = PBXFileReference; lastKnownFileType = sourcecode.swift; path = AppDelegate.swift; sourceTree = "<group>"; };
		D40B9480205445E0003AEBBD /* ViewController.swift */ = {isa = PBXFileReference; lastKnownFileType = sourcecode.swift; path = ViewController.swift; sourceTree = "<group>"; };
		D40B9483205445E0003AEBBD /* Base */ = {isa = PBXFileReference; lastKnownFileType = file.storyboard; name = Base; path = Base.lproj/Main.storyboard; sourceTree = "<group>"; };
		D40B9485205445E0003AEBBD /* Assets.xcassets */ = {isa = PBXFileReference; lastKnownFileType = folder.assetcatalog; path = Assets.xcassets; sourceTree = "<group>"; };
		D40B9488205445E0003AEBBD /* Base */ = {isa = PBXFileReference; lastKnownFileType = file.storyboard; name = Base; path = Base.lproj/LaunchScreen.storyboard; sourceTree = "<group>"; };
		D40B948A205445E0003AEBBD /* Info.plist */ = {isa = PBXFileReference; lastKnownFileType = text.plist.xml; path = Info.plist; sourceTree = "<group>"; };
		D40B948F205445E1003AEBBD /* PostPictureToSNSTests.xctest */ = {isa = PBXFileReference; explicitFileType = wrapper.cfbundle; includeInIndex = 0; path = PostPictureToSNSTests.xctest; sourceTree = BUILT_PRODUCTS_DIR; };
		D40B9493205445E1003AEBBD /* PostPictureToSNSTests.swift */ = {isa = PBXFileReference; lastKnownFileType = sourcecode.swift; path = PostPictureToSNSTests.swift; sourceTree = "<group>"; };
		D40B9495205445E1003AEBBD /* Info.plist */ = {isa = PBXFileReference; lastKnownFileType = text.plist.xml; path = Info.plist; sourceTree = "<group>"; };
		D40B949A205445E1003AEBBD /* PostPictureToSNSUITests.xctest */ = {isa = PBXFileReference; explicitFileType = wrapper.cfbundle; includeInIndex = 0; path = PostPictureToSNSUITests.xctest; sourceTree = BUILT_PRODUCTS_DIR; };
		D40B949E205445E1003AEBBD /* PostPictureToSNSUITests.swift */ = {isa = PBXFileReference; lastKnownFileType = sourcecode.swift; path = PostPictureToSNSUITests.swift; sourceTree = "<group>"; };
		D40B94A0205445E1003AEBBD /* Info.plist */ = {isa = PBXFileReference; lastKnownFileType = text.plist.xml; path = Info.plist; sourceTree = "<group>"; };
/* End PBXFileReference section */

/* Begin PBXFrameworksBuildPhase section */
		D40B9478205445E0003AEBBD /* Frameworks */ = {
			isa = PBXFrameworksBuildPhase;
			buildActionMask = 2147483647;
			files = (
			);
			runOnlyForDeploymentPostprocessing = 0;
		};
		D40B948C205445E1003AEBBD /* Frameworks */ = {
			isa = PBXFrameworksBuildPhase;
			buildActionMask = 2147483647;
			files = (
			);
			runOnlyForDeploymentPostprocessing = 0;
		};
		D40B9497205445E1003AEBBD /* Frameworks */ = {
			isa = PBXFrameworksBuildPhase;
			buildActionMask = 2147483647;
			files = (
			);
			runOnlyForDeploymentPostprocessing = 0;
		};
/* End PBXFrameworksBuildPhase section */

/* Begin PBXGroup section */
		D40B9472205445E0003AEBBD = {
			isa = PBXGroup;
			children = (
				D40B947D205445E0003AEBBD /* PostPictureToSNS */,
				D40B9492205445E1003AEBBD /* PostPictureToSNSTests */,
				D40B949D205445E1003AEBBD /* PostPictureToSNSUITests */,
				D40B947C205445E0003AEBBD /* Products */,
			);
			sourceTree = "<group>";
		};
		D40B947C205445E0003AEBBD /* Products */ = {
			isa = PBXGroup;
			children = (
				D40B947B205445E0003AEBBD /* PostPictureToSNS.app */,
				D40B948F205445E1003AEBBD /* PostPictureToSNSTests.xctest */,
				D40B949A205445E1003AEBBD /* PostPictureToSNSUITests.xctest */,
			);
			name = Products;
			sourceTree = "<group>";
		};
		D40B947D205445E0003AEBBD /* PostPictureToSNS */ = {
			isa = PBXGroup;
			children = (
				D40B947E205445E0003AEBBD /* AppDelegate.swift */,
				D40B9480205445E0003AEBBD /* ViewController.swift */,
				D40B9482205445E0003AEBBD /* Main.storyboard */,
				D40B9485205445E0003AEBBD /* Assets.xcassets */,
				D40B9487205445E0003AEBBD /* LaunchScreen.storyboard */,
				D40B948A205445E0003AEBBD /* Info.plist */,
			);
			path = PostPictureToSNS;
			sourceTree = "<group>";
		};
		D40B9492205445E1003AEBBD /* PostPictureToSNSTests */ = {
			isa = PBXGroup;
			children = (
				D40B9493205445E1003AEBBD /* PostPictureToSNSTests.swift */,
				D40B9495205445E1003AEBBD /* Info.plist */,
			);
			path = PostPictureToSNSTests;
			sourceTree = "<group>";
		};
		D40B949D205445E1003AEBBD /* PostPictureToSNSUITests */ = {
			isa = PBXGroup;
			children = (
				D40B949E205445E1003AEBBD /* PostPictureToSNSUITests.swift */,
				D40B94A0205445E1003AEBBD /* Info.plist */,
			);
			path = PostPictureToSNSUITests;
			sourceTree = "<group>";
		};
/* End PBXGroup section */

/* Begin PBXNativeTarget section */
		D40B947A205445E0003AEBBD /* PostPictureToSNS */ = {
			isa = PBXNativeTarget;
			buildConfigurationList = D40B94A3205445E1003AEBBD /* Build configuration list for PBXNativeTarget "PostPictureToSNS" */;
			buildPhases = (
				D40B9477205445E0003AEBBD /* Sources */,
				D40B9478205445E0003AEBBD /* Frameworks */,
				D40B9479205445E0003AEBBD /* Resources */,
			);
			buildRules = (
			);
			dependencies = (
			);
			name = PostPictureToSNS;
			productName = PostPictureToSNS;
			productReference = D40B947B205445E0003AEBBD /* PostPictureToSNS.app */;
			productType = "com.apple.product-type.application";
		};
		D40B948E205445E1003AEBBD /* PostPictureToSNSTests */ = {
			isa = PBXNativeTarget;
			buildConfigurationList = D40B94A6205445E1003AEBBD /* Build configuration list for PBXNativeTarget "PostPictureToSNSTests" */;
			buildPhases = (
				D40B948B205445E1003AEBBD /* Sources */,
				D40B948C205445E1003AEBBD /* Frameworks */,
				D40B948D205445E1003AEBBD /* Resources */,
			);
			buildRules = (
			);
			dependencies = (
				D40B9491205445E1003AEBBD /* PBXTargetDependency */,
			);
			name = PostPictureToSNSTests;
			productName = PostPictureToSNSTests;
			productReference = D40B948F205445E1003AEBBD /* PostPictureToSNSTests.xctest */;
			productType = "com.apple.product-type.bundle.unit-test";
		};
		D40B9499205445E1003AEBBD /* PostPictureToSNSUITests */ = {
			isa = PBXNativeTarget;
			buildConfigurationList = D40B94A9205445E1003AEBBD /* Build configuration list for PBXNativeTarget "PostPictureToSNSUITests" */;
			buildPhases = (
				D40B9496205445E1003AEBBD /* Sources */,
				D40B9497205445E1003AEBBD /* Frameworks */,
				D40B9498205445E1003AEBBD /* Resources */,
			);
			buildRules = (
			);
			dependencies = (
				D40B949C205445E1003AEBBD /* PBXTargetDependency */,
			);
			name = PostPictureToSNSUITests;
			productName = PostPictureToSNSUITests;
			productReference = D40B949A205445E1003AEBBD /* PostPictureToSNSUITests.xctest */;
			productType = "com.apple.product-type.bundle.ui-testing";
		};
/* End PBXNativeTarget section */

/* Begin PBXProject section */
		D40B9473205445E0003AEBBD /* Project object */ = {
			isa = PBXProject;
			attributes = {
				LastSwiftUpdateCheck = 0920;
				LastUpgradeCheck = 0920;
				ORGANIZATIONNAME = shima;
				TargetAttributes = {
					D40B947A205445E0003AEBBD = {
						CreatedOnToolsVersion = 9.2;
						ProvisioningStyle = Automatic;
					};
					D40B948E205445E1003AEBBD = {
						CreatedOnToolsVersion = 9.2;
						ProvisioningStyle = Automatic;
						TestTargetID = D40B947A205445E0003AEBBD;
					};
					D40B9499205445E1003AEBBD = {
						CreatedOnToolsVersion = 9.2;
						ProvisioningStyle = Automatic;
						TestTargetID = D40B947A205445E0003AEBBD;
					};
				};
			};
			buildConfigurationList = D40B9476205445E0003AEBBD /* Build configuration list for PBXProject "PostPictureToSNS" */;
			compatibilityVersion = "Xcode 8.0";
			developmentRegion = en;
			hasScannedForEncodings = 0;
			knownRegions = (
				en,
				Base,
			);
			mainGroup = D40B9472205445E0003AEBBD;
			productRefGroup = D40B947C205445E0003AEBBD /* Products */;
			projectDirPath = "";
			projectRoot = "";
			targets = (
				D40B947A205445E0003AEBBD /* PostPictureToSNS */,
				D40B948E205445E1003AEBBD /* PostPictureToSNSTests */,
				D40B9499205445E1003AEBBD /* PostPictureToSNSUITests */,
			);
		};
/* End PBXProject section */

/* Begin PBXResourcesBuildPhase section */
		D40B9479205445E0003AEBBD /* Resources */ = {
			isa = PBXResourcesBuildPhase;
			buildActionMask = 2147483647;
			files = (
				D40B9489205445E0003AEBBD /* LaunchScreen.storyboard in Resources */,
				D40B9486205445E0003AEBBD /* Assets.xcassets in Resources */,
				D40B9484205445E0003AEBBD /* Main.storyboard in Resources */,
			);
			runOnlyForDeploymentPostprocessing = 0;
		};
		D40B948D205445E1003AEBBD /* Resources */ = {
			isa = PBXResourcesBuildPhase;
			buildActionMask = 2147483647;
			files = (
			);
			runOnlyForDeploymentPostprocessing = 0;
		};
		D40B9498205445E1003AEBBD /* Resources */ = {
			isa = PBXResourcesBuildPhase;
			buildActionMask = 2147483647;
			files = (
			);
			runOnlyForDeploymentPostprocessing = 0;
		};
/* End PBXResourcesBuildPhase section */

/* Begin PBXSourcesBuildPhase section */
		D40B9477205445E0003AEBBD /* Sources */ = {
			isa = PBXSourcesBuildPhase;
			buildActionMask = 2147483647;
			files = (
				D40B9481205445E0003AEBBD /* ViewController.swift in Sources */,
				D40B947F205445E0003AEBBD /* AppDelegate.swift in Sources */,
			);
			runOnlyForDeploymentPostprocessing = 0;
		};
		D40B948B205445E1003AEBBD /* Sources */ = {
			isa = PBXSourcesBuildPhase;
			buildActionMask = 2147483647;
			files = (
				D40B9494205445E1003AEBBD /* PostPictureToSNSTests.swift in Sources */,
			);
			runOnlyForDeploymentPostprocessing = 0;
		};
		D40B9496205445E1003AEBBD /* Sources */ = {
			isa = PBXSourcesBuildPhase;
			buildActionMask = 2147483647;
			files = (
				D40B949F205445E1003AEBBD /* PostPictureToSNSUITests.swift in Sources */,
			);
			runOnlyForDeploymentPostprocessing = 0;
		};
/* End PBXSourcesBuildPhase section */

/* Begin PBXTargetDependency section */
		D40B9491205445E1003AEBBD /* PBXTargetDependency */ = {
			isa = PBXTargetDependency;
			target = D40B947A205445E0003AEBBD /* PostPictureToSNS */;
			targetProxy = D40B9490205445E1003AEBBD /* PBXContainerItemProxy */;
		};
		D40B949C205445E1003AEBBD /* PBXTargetDependency */ = {
			isa = PBXTargetDependency;
			target = D40B947A205445E0003AEBBD /* PostPictureToSNS */;
			targetProxy = D40B949B205445E1003AEBBD /* PBXContainerItemProxy */;
		};
/* End PBXTargetDependency section */

/* Begin PBXVariantGroup section */
		D40B9482205445E0003AEBBD /* Main.storyboard */ = {
			isa = PBXVariantGroup;
			children = (
				D40B9483205445E0003AEBBD /* Base */,
			);
			name = Main.storyboard;
			sourceTree = "<group>";
		};
		D40B9487205445E0003AEBBD /* LaunchScreen.storyboard */ = {
			isa = PBXVariantGroup;
			children = (
				D40B9488205445E0003AEBBD /* Base */,
			);
			name = LaunchScreen.storyboard;
			sourceTree = "<group>";
		};
/* End PBXVariantGroup section */

/* Begin XCBuildConfiguration section */
		D40B94A1205445E1003AEBBD /* Debug */ = {
			isa = XCBuildConfiguration;
			buildSettings = {
				ALWAYS_SEARCH_USER_PATHS = NO;
				CLANG_ANALYZER_NONNULL = YES;
				CLANG_ANALYZER_NUMBER_OBJECT_CONVERSION = YES_AGGRESSIVE;
				CLANG_CXX_LANGUAGE_STANDARD = "gnu++14";
				CLANG_CXX_LIBRARY = "libc++";
				CLANG_ENABLE_MODULES = YES;
				CLANG_ENABLE_OBJC_ARC = YES;
				CLANG_WARN_BLOCK_CAPTURE_AUTORELEASING = YES;
				CLANG_WARN_BOOL_CONVERSION = YES;
				CLANG_WARN_COMMA = YES;
				CLANG_WARN_CONSTANT_CONVERSION = YES;
				CLANG_WARN_DIRECT_OBJC_ISA_USAGE = YES_ERROR;
				CLANG_WARN_DOCUMENTATION_COMMENTS = YES;
				CLANG_WARN_EMPTY_BODY = YES;
				CLANG_WARN_ENUM_CONVERSION = YES;
				CLANG_WARN_INFINITE_RECURSION = YES;
				CLANG_WARN_INT_CONVERSION = YES;
				CLANG_WARN_NON_LITERAL_NULL_CONVERSION = YES;
				CLANG_WARN_OBJC_LITERAL_CONVERSION = YES;
				CLANG_WARN_OBJC_ROOT_CLASS = YES_ERROR;
				CLANG_WARN_RANGE_LOOP_ANALYSIS = YES;
				CLANG_WARN_STRICT_PROTOTYPES = YES;
				CLANG_WARN_SUSPICIOUS_MOVE = YES;
				CLANG_WARN_UNGUARDED_AVAILABILITY = YES_AGGRESSIVE;
				CLANG_WARN_UNREACHABLE_CODE = YES;
				CLANG_WARN__DUPLICATE_METHOD_MATCH = YES;
				CODE_SIGN_IDENTITY = "iPhone Developer";
				COPY_PHASE_STRIP = NO;
				DEBUG_INFORMATION_FORMAT = dwarf;
				ENABLE_STRICT_OBJC_MSGSEND = YES;
				ENABLE_TESTABILITY = YES;
				GCC_C_LANGUAGE_STANDARD = gnu11;
				GCC_DYNAMIC_NO_PIC = NO;
				GCC_NO_COMMON_BLOCKS = YES;
				GCC_OPTIMIZATION_LEVEL = 0;
				GCC_PREPROCESSOR_DEFINITIONS = (
					"DEBUG=1",
					"$(inherited)",
				);
				GCC_WARN_64_TO_32_BIT_CONVERSION = YES;
				GCC_WARN_ABOUT_RETURN_TYPE = YES_ERROR;
				GCC_WARN_UNDECLARED_SELECTOR = YES;
				GCC_WARN_UNINITIALIZED_AUTOS = YES_AGGRESSIVE;
				GCC_WARN_UNUSED_FUNCTION = YES;
				GCC_WARN_UNUSED_VARIABLE = YES;
				IPHONEOS_DEPLOYMENT_TARGET = 11.2;
				MTL_ENABLE_DEBUG_INFO = YES;
				ONLY_ACTIVE_ARCH = YES;
				SDKROOT = iphoneos;
				SWIFT_ACTIVE_COMPILATION_CONDITIONS = DEBUG;
				SWIFT_OPTIMIZATION_LEVEL = "-Onone";
			};
			name = Debug;
		};
		D40B94A2205445E1003AEBBD /* Release */ = {
			isa = XCBuildConfiguration;
			buildSettings = {
				ALWAYS_SEARCH_USER_PATHS = NO;
				CLANG_ANALYZER_NONNULL = YES;
				CLANG_ANALYZER_NUMBER_OBJECT_CONVERSION = YES_AGGRESSIVE;
				CLANG_CXX_LANGUAGE_STANDARD = "gnu++14";
				CLANG_CXX_LIBRARY = "libc++";
				CLANG_ENABLE_MODULES = YES;
				CLANG_ENABLE_OBJC_ARC = YES;
				CLANG_WARN_BLOCK_CAPTURE_AUTORELEASING = YES;
				CLANG_WARN_BOOL_CONVERSION = YES;
				CLANG_WARN_COMMA = YES;
				CLANG_WARN_CONSTANT_CONVERSION = YES;
				CLANG_WARN_DIRECT_OBJC_ISA_USAGE = YES_ERROR;
				CLANG_WARN_DOCUMENTATION_COMMENTS = YES;
				CLANG_WARN_EMPTY_BODY = YES;
				CLANG_WARN_ENUM_CONVERSION = YES;
				CLANG_WARN_INFINITE_RECURSION = YES;
				CLANG_WARN_INT_CONVERSION = YES;
				CLANG_WARN_NON_LITERAL_NULL_CONVERSION = YES;
				CLANG_WARN_OBJC_LITERAL_CONVERSION = YES;
				CLANG_WARN_OBJC_ROOT_CLASS = YES_ERROR;
				CLANG_WARN_RANGE_LOOP_ANALYSIS = YES;
				CLANG_WARN_STRICT_PROTOTYPES = YES;
				CLANG_WARN_SUSPICIOUS_MOVE = YES;
				CLANG_WARN_UNGUARDED_AVAILABILITY = YES_AGGRESSIVE;
				CLANG_WARN_UNREACHABLE_CODE = YES;
				CLANG_WARN__DUPLICATE_METHOD_MATCH = YES;
				CODE_SIGN_IDENTITY = "iPhone Developer";
				COPY_PHASE_STRIP = NO;
				DEBUG_INFORMATION_FORMAT = "dwarf-with-dsym";
				ENABLE_NS_ASSERTIONS = NO;
				ENABLE_STRICT_OBJC_MSGSEND = YES;
				GCC_C_LANGUAGE_STANDARD = gnu11;
				GCC_NO_COMMON_BLOCKS = YES;
				GCC_WARN_64_TO_32_BIT_CONVERSION = YES;
				GCC_WARN_ABOUT_RETURN_TYPE = YES_ERROR;
				GCC_WARN_UNDECLARED_SELECTOR = YES;
				GCC_WARN_UNINITIALIZED_AUTOS = YES_AGGRESSIVE;
				GCC_WARN_UNUSED_FUNCTION = YES;
				GCC_WARN_UNUSED_VARIABLE = YES;
				IPHONEOS_DEPLOYMENT_TARGET = 11.2;
				MTL_ENABLE_DEBUG_INFO = NO;
				SDKROOT = iphoneos;
				SWIFT_OPTIMIZATION_LEVEL = "-Owholemodule";
				VALIDATE_PRODUCT = YES;
			};
			name = Release;
		};
		D40B94A4205445E1003AEBBD /* Debug */ = {
			isa = XCBuildConfiguration;
			buildSettings = {
				ASSETCATALOG_COMPILER_APPICON_NAME = AppIcon;
				CODE_SIGN_STYLE = Automatic;
				DEVELOPMENT_TEAM = NGGUSK77JC;
				INFOPLIST_FILE = PostPictureToSNS/Info.plist;
				IPHONEOS_DEPLOYMENT_TARGET = 11.2;
				LD_RUNPATH_SEARCH_PATHS = "$(inherited) @executable_path/Frameworks";
				PRODUCT_BUNDLE_IDENTIFIER = "jakky0529-gmail.com.PostPictureToSNS";
				PRODUCT_NAME = "$(TARGET_NAME)";
				SWIFT_VERSION = 4.0;
				TARGETED_DEVICE_FAMILY = "1,2";
			};
			name = Debug;
		};
		D40B94A5205445E1003AEBBD /* Release */ = {
			isa = XCBuildConfiguration;
			buildSettings = {
				ASSETCATALOG_COMPILER_APPICON_NAME = AppIcon;
				CODE_SIGN_STYLE = Automatic;
				DEVELOPMENT_TEAM = NGGUSK77JC;
				INFOPLIST_FILE = PostPictureToSNS/Info.plist;
				IPHONEOS_DEPLOYMENT_TARGET = 11.2;
				LD_RUNPATH_SEARCH_PATHS = "$(inherited) @executable_path/Frameworks";
				PRODUCT_BUNDLE_IDENTIFIER = "jakky0529-gmail.com.PostPictureToSNS";
				PRODUCT_NAME = "$(TARGET_NAME)";
				SWIFT_VERSION = 4.0;
				TARGETED_DEVICE_FAMILY = "1,2";
			};
			name = Release;
		};
		D40B94A7205445E1003AEBBD /* Debug */ = {
			isa = XCBuildConfiguration;
			buildSettings = {
				ALWAYS_EMBED_SWIFT_STANDARD_LIBRARIES = YES;
				BUNDLE_LOADER = "$(TEST_HOST)";
				CODE_SIGN_STYLE = Automatic;
				DEVELOPMENT_TEAM = NGGUSK77JC;
				INFOPLIST_FILE = PostPictureToSNSTests/Info.plist;
				LD_RUNPATH_SEARCH_PATHS = "$(inherited) @executable_path/Frameworks @loader_path/Frameworks";
				PRODUCT_BUNDLE_IDENTIFIER = "jakky0529-gmail.com.PostPictureToSNSTests";
				PRODUCT_NAME = "$(TARGET_NAME)";
				SWIFT_VERSION = 4.0;
				TARGETED_DEVICE_FAMILY = "1,2";
				TEST_HOST = "$(BUILT_PRODUCTS_DIR)/PostPictureToSNS.app/PostPictureToSNS";
			};
			name = Debug;
		};
		D40B94A8205445E1003AEBBD /* Release */ = {
			isa = XCBuildConfiguration;
			buildSettings = {
				ALWAYS_EMBED_SWIFT_STANDARD_LIBRARIES = YES;
				BUNDLE_LOADER = "$(TEST_HOST)";
				CODE_SIGN_STYLE = Automatic;
				DEVELOPMENT_TEAM = NGGUSK77JC;
				INFOPLIST_FILE = PostPictureToSNSTests/Info.plist;
				LD_RUNPATH_SEARCH_PATHS = "$(inherited) @executable_path/Frameworks @loader_path/Frameworks";
				PRODUCT_BUNDLE_IDENTIFIER = "jakky0529-gmail.com.PostPictureToSNSTests";
				PRODUCT_NAME = "$(TARGET_NAME)";
				SWIFT_VERSION = 4.0;
				TARGETED_DEVICE_FAMILY = "1,2";
				TEST_HOST = "$(BUILT_PRODUCTS_DIR)/PostPictureToSNS.app/PostPictureToSNS";
			};
			name = Release;
		};
		D40B94AA205445E1003AEBBD /* Debug */ = {
			isa = XCBuildConfiguration;
			buildSettings = {
				ALWAYS_EMBED_SWIFT_STANDARD_LIBRARIES = YES;
				CODE_SIGN_STYLE = Automatic;
				DEVELOPMENT_TEAM = NGGUSK77JC;
				INFOPLIST_FILE = PostPictureToSNSUITests/Info.plist;
				LD_RUNPATH_SEARCH_PATHS = "$(inherited) @executable_path/Frameworks @loader_path/Frameworks";
				PRODUCT_BUNDLE_IDENTIFIER = "jakky0529-gmail.com.PostPictureToSNSUITests";
				PRODUCT_NAME = "$(TARGET_NAME)";
				SWIFT_VERSION = 4.0;
				TARGETED_DEVICE_FAMILY = "1,2";
				TEST_TARGET_NAME = PostPictureToSNS;
			};
			name = Debug;
		};
		D40B94AB205445E1003AEBBD /* Release */ = {
			isa = XCBuildConfiguration;
			buildSettings = {
				ALWAYS_EMBED_SWIFT_STANDARD_LIBRARIES = YES;
				CODE_SIGN_STYLE = Automatic;
				DEVELOPMENT_TEAM = NGGUSK77JC;
				INFOPLIST_FILE = PostPictureToSNSUITests/Info.plist;
				LD_RUNPATH_SEARCH_PATHS = "$(inherited) @executable_path/Frameworks @loader_path/Frameworks";
				PRODUCT_BUNDLE_IDENTIFIER = "jakky0529-gmail.com.PostPictureToSNSUITests";
				PRODUCT_NAME = "$(TARGET_NAME)";
				SWIFT_VERSION = 4.0;
				TARGETED_DEVICE_FAMILY = "1,2";
				TEST_TARGET_NAME = PostPictureToSNS;
			};
			name = Release;
		};
/* End XCBuildConfiguration section */

/* Begin XCConfigurationList section */
		D40B9476205445E0003AEBBD /* Build configuration list for PBXProject "PostPictureToSNS" */ = {
			isa = XCConfigurationList;
			buildConfigurations = (
				D40B94A1205445E1003AEBBD /* Debug */,
				D40B94A2205445E1003AEBBD /* Release */,
			);
			defaultConfigurationIsVisible = 0;
			defaultConfigurationName = Release;
		};
		D40B94A3205445E1003AEBBD /* Build configuration list for PBXNativeTarget "PostPictureToSNS" */ = {
			isa = XCConfigurationList;
			buildConfigurations = (
				D40B94A4205445E1003AEBBD /* Debug */,
				D40B94A5205445E1003AEBBD /* Release */,
			);
			defaultConfigurationIsVisible = 0;
			defaultConfigurationName = Release;
		};
		D40B94A6205445E1003AEBBD /* Build configuration list for PBXNativeTarget "PostPictureToSNSTests" */ = {
			isa = XCConfigurationList;
			buildConfigurations = (
				D40B94A7205445E1003AEBBD /* Debug */,
				D40B94A8205445E1003AEBBD /* Release */,
			);
			defaultConfigurationIsVisible = 0;
			defaultConfigurationName = Release;
		};
		D40B94A9205445E1003AEBBD /* Build configuration list for PBXNativeTarget "PostPictureToSNSUITests" */ = {
			isa = XCConfigurationList;
			buildConfigurations = (
				D40B94AA205445E1003AEBBD /* Debug */,
				D40B94AB205445E1003AEBBD /* Release */,
			);
			defaultConfigurationIsVisible = 0;
			defaultConfigurationName = Release;
		};
/* End XCConfigurationList section */
	};
	rootObject = D40B9473205445E0003AEBBD /* Project object */;
}
